
Microsoft Visual Studio Solution File, Format Version 12.00
# Visual Studio Version 17
VisualStudioVersion = 17.4.33213.308
MinimumVisualStudioVersion = 10.0.40219.1
Project("{FAE04EC0-301F-11D3-BF4B-00C04F79EFBC}") = "Asrfly", "Asrifly\Asrfly.csproj", "{52604CB1-6837-4EAD-8995-00A89944828A}"
EndProject
Project("{F2A71F9B-5D33-465A-A702-920D77279786}") = "Asrfly.Core", "Asrifly.Core\Asrfly.Core.fsproj", "{0920317A-8637-4DE9-B14B-5E61628F65F6}"
EndProject
Project("{F2A71F9B-5D33-465A-A702-920D77279786}") = "Asrfly.Data", "Asrfly.Data\Asrfly.Data.fsproj", "{5459B21E-3106-4609-8997-C99FE048ACE1}"
EndProject
Project("{FAE04EC0-301F-11D3-BF4B-00C04F79EFBC}") = "Asrfly.Test", "Asrfly.Test\Asrfly.Test.csproj", "{0D43ADF9-E586-4C55-ABB9-07E5BFCDBC55}"
EndProject
Global
	GlobalSection(SolutionConfigurationPlatforms) = preSolution
		Debug|Any CPU = Debug|Any CPU
		Release|Any CPU = Release|Any CPU
	EndGlobalSection
	GlobalSection(ProjectConfigurationPlatforms) = postSolution
		{52604CB1-6837-4EAD-8995-00A89944828A}.Debug|Any CPU.ActiveCfg = Debug|Any CPU
		{52604CB1-6837-4EAD-8995-00A89944828A}.Debug|Any CPU.Build.0 = Debug|Any CPU
		{52604CB1-6837-4EAD-8995-00A89944828A}.Release|Any CPU.ActiveCfg = Release|Any CPU
		{52604CB1-6837-4EAD-8995-00A89944828A}.Release|Any CPU.Build.0 = Release|Any CPU
		{0920317A-8637-4DE9-B14B-5E61628F65F6}.Debug|Any CPU.ActiveCfg = Debug|Any CPU
		{0920317A-8637-4DE9-B14B-5E61628F65F6}.Debug|Any CPU.Build.0 = Debug|Any CPU
		{0920317A-8637-4DE9-B14B-5E61628F65F6}.Release|Any CPU.ActiveCfg = Release|Any CPU
		{0920317A-8637-4DE9-B14B-5E61628F65F6}.Release|Any CPU.Build.0 = Release|Any CPU
		{5459B21E-3106-4609-8997-C99FE048ACE1}.Debug|Any CPU.ActiveCfg = Debug|Any CPU
		{5459B21E-3106-4609-8997-C99FE048ACE1}.Debug|Any CPU.Build.0 = Debug|Any CPU
		{5459B21E-3106-4609-8997-C99FE048ACE1}.Release|Any CPU.ActiveCfg = Release|Any CPU
		{5459B21E-3106-4609-8997-C99FE048ACE1}.Release|Any CPU.Build.0 = Release|Any CPU
		{0D43ADF9-E586-4C55-ABB9-07E5BFCDBC55}.Debug|Any CPU.ActiveCfg = Debug|Any CPU
		{0D43ADF9-E586-4C55-ABB9-07E5BFCDBC55}.Debug|Any CPU.Build.0 = Debug|Any CPU
		{0D43ADF9-E586-4C55-ABB9-07E5BFCDBC55}.Release|Any CPU.ActiveCfg = Release|Any CPU
		{0D43ADF9-E586-4C55-ABB9-07E5BFCDBC55}.Release|Any CPU.Build.0 = Release|Any CPU
	EndGlobalSection
	GlobalSection(SolutionProperties) = preSolution
		HideSolutionNode = FALSE
	EndGlobalSection
	GlobalSection(ExtensibilityGlobals) = postSolution
		SolutionGuid = {322B76E7-711F-4717-8738-21DC7666C799}
	EndGlobalSection
EndGlobal
